
Microsoft Visual Studio Solution File, Format Version 12.00
# Visual Studio 15
VisualStudioVersion = 15.0.27004.2009
MinimumVisualStudioVersion = 10.0.40219.1
Project("{888888A0-9F3D-457C-B088-3A5042F75D52}") = "xlsx2ralibrary", "xlsx2ralibrary\xlsx2ralibrary.pyproj", "{7D33163A-2F97-41FD-936C-7FC6913D8F6A}"
EndProject
Global
	GlobalSection(SolutionConfigurationPlatforms) = preSolution
		Debug|Any CPU = Debug|Any CPU
		Release|Any CPU = Release|Any CPU
	EndGlobalSection
	GlobalSection(ProjectConfigurationPlatforms) = postSolution
		{7D33163A-2F97-41FD-936C-7FC6913D8F6A}.Debug|Any CPU.ActiveCfg = Debug|Any CPU
		{7D33163A-2F97-41FD-936C-7FC6913D8F6A}.Release|Any CPU.ActiveCfg = Release|Any CPU
	EndGlobalSection
	GlobalSection(SolutionProperties) = preSolution
		HideSolutionNode = FALSE
	EndGlobalSection
	GlobalSection(ExtensibilityGlobals) = postSolution
		SolutionGuid = {98FBA450-267A-4F18-BC2C-5F4245CA91A6}
	EndGlobalSection
EndGlobal
